{
  "name": "breejs_later",
  "version": "1.0.0",
  "lockfileVersion": 2,
  "requires": true,
  "packages": {
    "": {
      "version": "1.0.0",
      "license": "MIT",
      "dependencies": {
        "@breejs/later": "^4.0.2"
      }
    },
    "node_modules/@breejs/later": {
      "version": "4.0.2",
      "resolved": "https://registry.npmjs.org/@breejs/later/-/later-4.0.2.tgz",
      "integrity": "sha512-EN0SlbyYouBdtZis1htdsgGlwFePzkXPwdIeqaBaavxkJT1G2/bitc2LSixjv45z2njXslxlJI1mW2O/Gmrb+A==",
      "engines": {
        "node": ">= 10"
      }
    }
  },
  "dependencies": {
    "@breejs/later": {
      "version": "4.0.2",
      "resolved": "https://registry.npmjs.org/@breejs/later/-/later-4.0.2.tgz",
      "integrity": "sha512-EN0SlbyYouBdtZis1htdsgGlwFePzkXPwdIeqaBaavxkJT1G2/bitc2LSixjv45z2njXslxlJI1mW2O/Gmrb+A=="
    }
  }
}
